
Microsoft Visual Studio Solution File, Format Version 12.00
# Visual Studio Version 16
VisualStudioVersion = 16.0.30621.155
MinimumVisualStudioVersion = 10.0.40219.1
Project("{FAE04EC0-301F-11D3-BF4B-00C04F79EFBC}") = "Fahrafellner_Test", "Fahrafellner_Test\Fahrafellner_Test.csproj", "{C562FEF2-9571-46EB-BDC5-7C9A9080DE53}"
EndProject
Global
	GlobalSection(SolutionConfigurationPlatforms) = preSolution
		Debug|Any CPU = Debug|Any CPU
		Release|Any CPU = Release|Any CPU
	EndGlobalSection
	GlobalSection(ProjectConfigurationPlatforms) = postSolution
		{C562FEF2-9571-46EB-BDC5-7C9A9080DE53}.Debug|Any CPU.ActiveCfg = Debug|Any CPU
		{C562FEF2-9571-46EB-BDC5-7C9A9080DE53}.Debug|Any CPU.Build.0 = Debug|Any CPU
		{C562FEF2-9571-46EB-BDC5-7C9A9080DE53}.Release|Any CPU.ActiveCfg = Release|Any CPU
		{C562FEF2-9571-46EB-BDC5-7C9A9080DE53}.Release|Any CPU.Build.0 = Release|Any CPU
	EndGlobalSection
	GlobalSection(SolutionProperties) = preSolution
		HideSolutionNode = FALSE
	EndGlobalSection
	GlobalSection(ExtensibilityGlobals) = postSolution
		SolutionGuid = {BC13C0A4-51BD-45E8-A178-40BED7C5D308}
	EndGlobalSection
EndGlobal
